
Microsoft Visual Studio Solution File, Format Version 12.00
# Visual Studio 15
VisualStudioVersion = 15.0.26403.7
MinimumVisualStudioVersion = 10.0.40219.1
Project("{FAE04EC0-301F-11D3-BF4B-00C04F79EFBC}") = "MobileNotepad.Android", "MobileNotepad\MobileNotepad.Android\MobileNotepad.Android.csproj", "{79614F68-0AA4-4597-8EAA-9D49D8242876}"
EndProject
Project("{FAE04EC0-301F-11D3-BF4B-00C04F79EFBC}") = "MobileNotepad", "MobileNotepad\MobileNotepad\MobileNotepad.csproj", "{B4F1D7B1-E506-49EF-B3BD-009CDEF95A8D}"
EndProject
Project("{FAE04EC0-301F-11D3-BF4B-00C04F79EFBC}") = "MobileNotepad.UWP", "MobileNotepad\MobileNotepad.UWP\MobileNotepad.UWP.csproj", "{FCC1B268-2480-4329-8739-2B1A154ADF1E}"
EndProject
Project("{FAE04EC0-301F-11D3-BF4B-00C04F79EFBC}") = "MobileNotepad.iOS", "MobileNotepad\MobileNotepad.iOS\MobileNotepad.iOS.csproj", "{409C92FD-B7EE-4477-92EA-454CB7077F7C}"
EndProject
Global
	GlobalSection(SolutionConfigurationPlatforms) = preSolution
		Ad-Hoc|Any CPU = Ad-Hoc|Any CPU
		Ad-Hoc|ARM = Ad-Hoc|ARM
		Ad-Hoc|iPhone = Ad-Hoc|iPhone
		Ad-Hoc|iPhoneSimulator = Ad-Hoc|iPhoneSimulator
		Ad-Hoc|x64 = Ad-Hoc|x64
		Ad-Hoc|x86 = Ad-Hoc|x86
		AppStore|Any CPU = AppStore|Any CPU
		AppStore|ARM = AppStore|ARM
		AppStore|iPhone = AppStore|iPhone
		AppStore|iPhoneSimulator = AppStore|iPhoneSimulator
		AppStore|x64 = AppStore|x64
		AppStore|x86 = AppStore|x86
		Debug|Any CPU = Debug|Any CPU
		Debug|ARM = Debug|ARM
		Debug|iPhone = Debug|iPhone
		Debug|iPhoneSimulator = Debug|iPhoneSimulator
		Debug|x64 = Debug|x64
		Debug|x86 = Debug|x86
		Release|Any CPU = Release|Any CPU
		Release|ARM = Release|ARM
		Release|iPhone = Release|iPhone
		Release|iPhoneSimulator = Release|iPhoneSimulator
		Release|x64 = Release|x64
		Release|x86 = Release|x86
	EndGlobalSection
	GlobalSection(ProjectConfigurationPlatforms) = postSolution
		{79614F68-0AA4-4597-8EAA-9D49D8242876}.Ad-Hoc|Any CPU.ActiveCfg = Release|Any CPU
		{79614F68-0AA4-4597-8EAA-9D49D8242876}.Ad-Hoc|Any CPU.Build.0 = Release|Any CPU
		{79614F68-0AA4-4597-8EAA-9D49D8242876}.Ad-Hoc|Any CPU.Deploy.0 = Release|Any CPU
		{79614F68-0AA4-4597-8EAA-9D49D8242876}.Ad-Hoc|ARM.ActiveCfg = Release|Any CPU
		{79614F68-0AA4-4597-8EAA-9D49D8242876}.Ad-Hoc|ARM.Build.0 = Release|Any CPU
		{79614F68-0AA4-4597-8EAA-9D49D8242876}.Ad-Hoc|ARM.Deploy.0 = Release|Any CPU
		{79614F68-0AA4-4597-8EAA-9D49D8242876}.Ad-Hoc|iPhone.ActiveCfg = Release|Any CPU
		{79614F68-0AA4-4597-8EAA-9D49D8242876}.Ad-Hoc|iPhone.Build.0 = Release|Any CPU
		{79614F68-0AA4-4597-8EAA-9D49D8242876}.Ad-Hoc|iPhone.Deploy.0 = Release|Any CPU
		{79614F68-0AA4-4597-8EAA-9D49D8242876}.Ad-Hoc|iPhoneSimulator.ActiveCfg = Release|Any CPU
		{79614F68-0AA4-4597-8EAA-9D49D8242876}.Ad-Hoc|iPhoneSimulator.Build.0 = Release|Any CPU
		{79614F68-0AA4-4597-8EAA-9D49D8242876}.Ad-Hoc|iPhoneSimulator.Deploy.0 = Release|Any CPU
		{79614F68-0AA4-4597-8EAA-9D49D8242876}.Ad-Hoc|x64.ActiveCfg = Release|Any CPU
		{79614F68-0AA4-4597-8EAA-9D49D8242876}.Ad-Hoc|x64.Build.0 = Release|Any CPU
		{79614F68-0AA4-4597-8EAA-9D49D8242876}.Ad-Hoc|x64.Deploy.0 = Release|Any CPU
		{79614F68-0AA4-4597-8EAA-9D49D8242876}.Ad-Hoc|x86.ActiveCfg = Release|Any CPU
		{79614F68-0AA4-4597-8EAA-9D49D8242876}.Ad-Hoc|x86.Build.0 = Release|Any CPU
		{79614F68-0AA4-4597-8EAA-9D49D8242876}.Ad-Hoc|x86.Deploy.0 = Release|Any CPU
		{79614F68-0AA4-4597-8EAA-9D49D8242876}.AppStore|Any CPU.ActiveCfg = Release|Any CPU
		{79614F68-0AA4-4597-8EAA-9D49D8242876}.AppStore|Any CPU.Build.0 = Release|Any CPU
		{79614F68-0AA4-4597-8EAA-9D49D8242876}.AppStore|Any CPU.Deploy.0 = Release|Any CPU
		{79614F68-0AA4-4597-8EAA-9D49D8242876}.AppStore|ARM.ActiveCfg = Release|Any CPU
		{79614F68-0AA4-4597-8EAA-9D49D8242876}.AppStore|ARM.Build.0 = Release|Any CPU
		{79614F68-0AA4-4597-8EAA-9D49D8242876}.AppStore|ARM.Deploy.0 = Release|Any CPU
		{79614F68-0AA4-4597-8EAA-9D49D8242876}.AppStore|iPhone.ActiveCfg = Release|Any CPU
		{79614F68-0AA4-4597-8EAA-9D49D8242876}.AppStore|iPhone.Build.0 = Release|Any CPU
		{79614F68-0AA4-4597-8EAA-9D49D8242876}.AppStore|iPhone.Deploy.0 = Release|Any CPU
		{79614F68-0AA4-4597-8EAA-9D49D8242876}.AppStore|iPhoneSimulator.ActiveCfg = Release|Any CPU
		{79614F68-0AA4-4597-8EAA-9D49D8242876}.AppStore|iPhoneSimulator.Build.0 = Release|Any CPU
		{79614F68-0AA4-4597-8EAA-9D49D8242876}.AppStore|iPhoneSimulator.Deploy.0 = Release|Any CPU
		{79614F68-0AA4-4597-8EAA-9D49D8242876}.AppStore|x64.ActiveCfg = Release|Any CPU
		{79614F68-0AA4-4597-8EAA-9D49D8242876}.AppStore|x64.Build.0 = Release|Any CPU
		{79614F68-0AA4-4597-8EAA-9D49D8242876}.AppStore|x64.Deploy.0 = Release|Any CPU
		{79614F68-0AA4-4597-8EAA-9D49D8242876}.AppStore|x86.ActiveCfg = Release|Any CPU
		{79614F68-0AA4-4597-8EAA-9D49D8242876}.AppStore|x86.Build.0 = Release|Any CPU
		{79614F68-0AA4-4597-8EAA-9D49D8242876}.AppStore|x86.Deploy.0 = Release|Any CPU
		{79614F68-0AA4-4597-8EAA-9D49D8242876}.Debug|Any CPU.ActiveCfg = Debug|Any CPU
		{79614F68-0AA4-4597-8EAA-9D49D8242876}.Debug|Any CPU.Build.0 = Debug|Any CPU
		{79614F68-0AA4-4597-8EAA-9D49D8242876}.Debug|Any CPU.Deploy.0 = Debug|Any CPU
		{79614F68-0AA4-4597-8EAA-9D49D8242876}.Debug|ARM.ActiveCfg = Debug|Any CPU
		{79614F68-0AA4-4597-8EAA-9D49D8242876}.Debug|ARM.Build.0 = Debug|Any CPU
		{79614F68-0AA4-4597-8EAA-9D49D8242876}.Debug|ARM.Deploy.0 = Debug|Any CPU
		{79614F68-0AA4-4597-8EAA-9D49D8242876}.Debug|iPhone.ActiveCfg = Debug|Any CPU
		{79614F68-0AA4-4597-8EAA-9D49D8242876}.Debug|iPhone.Build.0 = Debug|Any CPU
		{79614F68-0AA4-4597-8EAA-9D49D8242876}.Debug|iPhone.Deploy.0 = Debug|Any CPU
		{79614F68-0AA4-4597-8EAA-9D49D8242876}.Debug|iPhoneSimulator.ActiveCfg = Debug|Any CPU
		{79614F68-0AA4-4597-8EAA-9D49D8242876}.Debug|iPhoneSimulator.Build.0 = Debug|Any CPU
		{79614F68-0AA4-4597-8EAA-9D49D8242876}.Debug|iPhoneSimulator.Deploy.0 = Debug|Any CPU
		{79614F68-0AA4-4597-8EAA-9D49D8242876}.Debug|x64.ActiveCfg = Debug|Any CPU
		{79614F68-0AA4-4597-8EAA-9D49D8242876}.Debug|x64.Build.0 = Debug|Any CPU
		{79614F68-0AA4-4597-8EAA-9D49D8242876}.Debug|x64.Deploy.0 = Debug|Any CPU
		{79614F68-0AA4-4597-8EAA-9D49D8242876}.Debug|x86.ActiveCfg = Debug|Any CPU
		{79614F68-0AA4-4597-8EAA-9D49D8242876}.Debug|x86.Build.0 = Debug|Any CPU
		{79614F68-0AA4-4597-8EAA-9D49D8242876}.Debug|x86.Deploy.0 = Debug|Any CPU
		{79614F68-0AA4-4597-8EAA-9D49D8242876}.Release|Any CPU.ActiveCfg = Release|Any CPU
		{79614F68-0AA4-4597-8EAA-9D49D8242876}.Release|Any CPU.Build.0 = Release|Any CPU
		{79614F68-0AA4-4597-8EAA-9D49D8242876}.Release|Any CPU.Deploy.0 = Release|Any CPU
		{79614F68-0AA4-4597-8EAA-9D49D8242876}.Release|ARM.ActiveCfg = Release|Any CPU
		{79614F68-0AA4-4597-8EAA-9D49D8242876}.Release|ARM.Build.0 = Release|Any CPU
		{79614F68-0AA4-4597-8EAA-9D49D8242876}.Release|ARM.Deploy.0 = Release|Any CPU
		{79614F68-0AA4-4597-8EAA-9D49D8242876}.Release|iPhone.ActiveCfg = Release|Any CPU
		{79614F68-0AA4-4597-8EAA-9D49D8242876}.Release|iPhone.Build.0 = Release|Any CPU
		{79614F68-0AA4-4597-8EAA-9D49D8242876}.Release|iPhone.Deploy.0 = Release|Any CPU
		{79614F68-0AA4-4597-8EAA-9D49D8242876}.Release|iPhoneSimulator.ActiveCfg = Release|Any CPU
		{79614F68-0AA4-4597-8EAA-9D49D8242876}.Release|iPhoneSimulator.Build.0 = Release|Any CPU
		{79614F68-0AA4-4597-8EAA-9D49D8242876}.Release|iPhoneSimulator.Deploy.0 = Release|Any CPU
		{79614F68-0AA4-4597-8EAA-9D49D8242876}.Release|x64.ActiveCfg = Release|Any CPU
		{79614F68-0AA4-4597-8EAA-9D49D8242876}.Release|x64.Build.0 = Release|Any CPU
		{79614F68-0AA4-4597-8EAA-9D49D8242876}.Release|x64.Deploy.0 = Release|Any CPU
		{79614F68-0AA4-4597-8EAA-9D49D8242876}.Release|x86.ActiveCfg = Release|Any CPU
		{79614F68-0AA4-4597-8EAA-9D49D8242876}.Release|x86.Build.0 = Release|Any CPU
		{79614F68-0AA4-4597-8EAA-9D49D8242876}.Release|x86.Deploy.0 = Release|Any CPU
		{B4F1D7B1-E506-49EF-B3BD-009CDEF95A8D}.Ad-Hoc|Any CPU.ActiveCfg = Release|Any CPU
		{B4F1D7B1-E506-49EF-B3BD-009CDEF95A8D}.Ad-Hoc|Any CPU.Build.0 = Release|Any CPU
		{B4F1D7B1-E506-49EF-B3BD-009CDEF95A8D}.Ad-Hoc|ARM.ActiveCfg = Release|Any CPU
		{B4F1D7B1-E506-49EF-B3BD-009CDEF95A8D}.Ad-Hoc|ARM.Build.0 = Release|Any CPU
		{B4F1D7B1-E506-49EF-B3BD-009CDEF95A8D}.Ad-Hoc|iPhone.ActiveCfg = Release|Any CPU
		{B4F1D7B1-E506-49EF-B3BD-009CDEF95A8D}.Ad-Hoc|iPhone.Build.0 = Release|Any CPU
		{B4F1D7B1-E506-49EF-B3BD-009CDEF95A8D}.Ad-Hoc|iPhoneSimulator.ActiveCfg = Release|Any CPU
		{B4F1D7B1-E506-49EF-B3BD-009CDEF95A8D}.Ad-Hoc|iPhoneSimulator.Build.0 = Release|Any CPU
		{B4F1D7B1-E506-49EF-B3BD-009CDEF95A8D}.Ad-Hoc|x64.ActiveCfg = Release|Any CPU
		{B4F1D7B1-E506-49EF-B3BD-009CDEF95A8D}.Ad-Hoc|x64.Build.0 = Release|Any CPU
		{B4F1D7B1-E506-49EF-B3BD-009CDEF95A8D}.Ad-Hoc|x86.ActiveCfg = Release|Any CPU
		{B4F1D7B1-E506-49EF-B3BD-009CDEF95A8D}.Ad-Hoc|x86.Build.0 = Release|Any CPU
		{B4F1D7B1-E506-49EF-B3BD-009CDEF95A8D}.AppStore|Any CPU.ActiveCfg = Release|Any CPU
		{B4F1D7B1-E506-49EF-B3BD-009CDEF95A8D}.AppStore|Any CPU.Build.0 = Release|Any CPU
		{B4F1D7B1-E506-49EF-B3BD-009CDEF95A8D}.AppStore|ARM.ActiveCfg = Release|Any CPU
		{B4F1D7B1-E506-49EF-B3BD-009CDEF95A8D}.AppStore|ARM.Build.0 = Release|Any CPU
		{B4F1D7B1-E506-49EF-B3BD-009CDEF95A8D}.AppStore|iPhone.ActiveCfg = Release|Any CPU
		{B4F1D7B1-E506-49EF-B3BD-009CDEF95A8D}.AppStore|iPhone.Build.0 = Release|Any CPU
		{B4F1D7B1-E506-49EF-B3BD-009CDEF95A8D}.AppStore|iPhoneSimulator.ActiveCfg = Release|Any CPU
		{B4F1D7B1-E506-49EF-B3BD-009CDEF95A8D}.AppStore|iPhoneSimulator.Build.0 = Release|Any CPU
		{B4F1D7B1-E506-49EF-B3BD-009CDEF95A8D}.AppStore|x64.ActiveCfg = Release|Any CPU
		{B4F1D7B1-E506-49EF-B3BD-009CDEF95A8D}.AppStore|x64.Build.0 = Release|Any CPU
		{B4F1D7B1-E506-49EF-B3BD-009CDEF95A8D}.AppStore|x86.ActiveCfg = Release|Any CPU
		{B4F1D7B1-E506-49EF-B3BD-009CDEF95A8D}.AppStore|x86.Build.0 = Release|Any CPU
		{B4F1D7B1-E506-49EF-B3BD-009CDEF95A8D}.Debug|Any CPU.ActiveCfg = Debug|Any CPU
		{B4F1D7B1-E506-49EF-B3BD-009CDEF95A8D}.Debug|Any CPU.Build.0 = Debug|Any CPU
		{B4F1D7B1-E506-49EF-B3BD-009CDEF95A8D}.Debug|ARM.ActiveCfg = Debug|Any CPU
		{B4F1D7B1-E506-49EF-B3BD-009CDEF95A8D}.Debug|ARM.Build.0 = Debug|Any CPU
		{B4F1D7B1-E506-49EF-B3BD-009CDEF95A8D}.Debug|iPhone.ActiveCfg = Debug|Any CPU
		{B4F1D7B1-E506-49EF-B3BD-009CDEF95A8D}.Debug|iPhone.Build.0 = Debug|Any CPU
		{B4F1D7B1-E506-49EF-B3BD-009CDEF95A8D}.Debug|iPhoneSimulator.ActiveCfg = Debug|Any CPU
		{B4F1D7B1-E506-49EF-B3BD-009CDEF95A8D}.Debug|iPhoneSimulator.Build.0 = Debug|Any CPU
		{B4F1D7B1-E506-49EF-B3BD-009CDEF95A8D}.Debug|x64.ActiveCfg = Debug|Any CPU
		{B4F1D7B1-E506-49EF-B3BD-009CDEF95A8D}.Debug|x64.Build.0 = Debug|Any CPU
		{B4F1D7B1-E506-49EF-B3BD-009CDEF95A8D}.Debug|x86.ActiveCfg = Debug|Any CPU
		{B4F1D7B1-E506-49EF-B3BD-009CDEF95A8D}.Debug|x86.Build.0 = Debug|Any CPU
		{B4F1D7B1-E506-49EF-B3BD-009CDEF95A8D}.Release|Any CPU.ActiveCfg = Release|Any CPU
		{B4F1D7B1-E506-49EF-B3BD-009CDEF95A8D}.Release|Any CPU.Build.0 = Release|Any CPU
		{B4F1D7B1-E506-49EF-B3BD-009CDEF95A8D}.Release|ARM.ActiveCfg = Release|Any CPU
		{B4F1D7B1-E506-49EF-B3BD-009CDEF95A8D}.Release|ARM.Build.0 = Release|Any CPU
		{B4F1D7B1-E506-49EF-B3BD-009CDEF95A8D}.Release|iPhone.ActiveCfg = Release|Any CPU
		{B4F1D7B1-E506-49EF-B3BD-009CDEF95A8D}.Release|iPhone.Build.0 = Release|Any CPU
		{B4F1D7B1-E506-49EF-B3BD-009CDEF95A8D}.Release|iPhoneSimulator.ActiveCfg = Release|Any CPU
		{B4F1D7B1-E506-49EF-B3BD-009CDEF95A8D}.Release|iPhoneSimulator.Build.0 = Release|Any CPU
		{B4F1D7B1-E506-49EF-B3BD-009CDEF95A8D}.Release|x64.ActiveCfg = Release|Any CPU
		{B4F1D7B1-E506-49EF-B3BD-009CDEF95A8D}.Release|x64.Build.0 = Release|Any CPU
		{B4F1D7B1-E506-49EF-B3BD-009CDEF95A8D}.Release|x86.ActiveCfg = Release|Any CPU
		{B4F1D7B1-E506-49EF-B3BD-009CDEF95A8D}.Release|x86.Build.0 = Release|Any CPU
		{FCC1B268-2480-4329-8739-2B1A154ADF1E}.Ad-Hoc|Any CPU.ActiveCfg = Release|x86
		{FCC1B268-2480-4329-8739-2B1A154ADF1E}.Ad-Hoc|Any CPU.Build.0 = Release|x86
		{FCC1B268-2480-4329-8739-2B1A154ADF1E}.Ad-Hoc|Any CPU.Deploy.0 = Release|x86
		{FCC1B268-2480-4329-8739-2B1A154ADF1E}.Ad-Hoc|ARM.ActiveCfg = Release|ARM
		{FCC1B268-2480-4329-8739-2B1A154ADF1E}.Ad-Hoc|ARM.Build.0 = Release|ARM
		{FCC1B268-2480-4329-8739-2B1A154ADF1E}.Ad-Hoc|ARM.Deploy.0 = Release|ARM
		{FCC1B268-2480-4329-8739-2B1A154ADF1E}.Ad-Hoc|iPhone.ActiveCfg = Release|x86
		{FCC1B268-2480-4329-8739-2B1A154ADF1E}.Ad-Hoc|iPhone.Build.0 = Release|x86
		{FCC1B268-2480-4329-8739-2B1A154ADF1E}.Ad-Hoc|iPhone.Deploy.0 = Release|x86
		{FCC1B268-2480-4329-8739-2B1A154ADF1E}.Ad-Hoc|iPhoneSimulator.ActiveCfg = Release|x86
		{FCC1B268-2480-4329-8739-2B1A154ADF1E}.Ad-Hoc|iPhoneSimulator.Build.0 = Release|x86
		{FCC1B268-2480-4329-8739-2B1A154ADF1E}.Ad-Hoc|iPhoneSimulator.Deploy.0 = Release|x86
		{FCC1B268-2480-4329-8739-2B1A154ADF1E}.Ad-Hoc|x64.ActiveCfg = Release|x64
		{FCC1B268-2480-4329-8739-2B1A154ADF1E}.Ad-Hoc|x64.Build.0 = Release|x64
		{FCC1B268-2480-4329-8739-2B1A154ADF1E}.Ad-Hoc|x64.Deploy.0 = Release|x64
		{FCC1B268-2480-4329-8739-2B1A154ADF1E}.Ad-Hoc|x86.ActiveCfg = Release|x86
		{FCC1B268-2480-4329-8739-2B1A154ADF1E}.Ad-Hoc|x86.Build.0 = Release|x86
		{FCC1B268-2480-4329-8739-2B1A154ADF1E}.Ad-Hoc|x86.Deploy.0 = Release|x86
		{FCC1B268-2480-4329-8739-2B1A154ADF1E}.AppStore|Any CPU.ActiveCfg = Release|x86
		{FCC1B268-2480-4329-8739-2B1A154ADF1E}.AppStore|Any CPU.Build.0 = Release|x86
		{FCC1B268-2480-4329-8739-2B1A154ADF1E}.AppStore|Any CPU.Deploy.0 = Release|x86
		{FCC1B268-2480-4329-8739-2B1A154ADF1E}.AppStore|ARM.ActiveCfg = Release|ARM
		{FCC1B268-2480-4329-8739-2B1A154ADF1E}.AppStore|ARM.Build.0 = Release|ARM
		{FCC1B268-2480-4329-8739-2B1A154ADF1E}.AppStore|ARM.Deploy.0 = Release|ARM
		{FCC1B268-2480-4329-8739-2B1A154ADF1E}.AppStore|iPhone.ActiveCfg = Release|x86
		{FCC1B268-2480-4329-8739-2B1A154ADF1E}.AppStore|iPhone.Build.0 = Release|x86
		{FCC1B268-2480-4329-8739-2B1A154ADF1E}.AppStore|iPhone.Deploy.0 = Release|x86
		{FCC1B268-2480-4329-8739-2B1A154ADF1E}.AppStore|iPhoneSimulator.ActiveCfg = Release|x86
		{FCC1B268-2480-4329-8739-2B1A154ADF1E}.AppStore|iPhoneSimulator.Build.0 = Release|x86
		{FCC1B268-2480-4329-8739-2B1A154ADF1E}.AppStore|iPhoneSimulator.Deploy.0 = Release|x86
		{FCC1B268-2480-4329-8739-2B1A154ADF1E}.AppStore|x64.ActiveCfg = Release|x64
		{FCC1B268-2480-4329-8739-2B1A154ADF1E}.AppStore|x64.Build.0 = Release|x64
		{FCC1B268-2480-4329-8739-2B1A154ADF1E}.AppStore|x64.Deploy.0 = Release|x64
		{FCC1B268-2480-4329-8739-2B1A154ADF1E}.AppStore|x86.ActiveCfg = Release|x86
		{FCC1B268-2480-4329-8739-2B1A154ADF1E}.AppStore|x86.Build.0 = Release|x86
		{FCC1B268-2480-4329-8739-2B1A154ADF1E}.AppStore|x86.Deploy.0 = Release|x86
		{FCC1B268-2480-4329-8739-2B1A154ADF1E}.Debug|Any CPU.ActiveCfg = Debug|x86
		{FCC1B268-2480-4329-8739-2B1A154ADF1E}.Debug|ARM.ActiveCfg = Debug|ARM
		{FCC1B268-2480-4329-8739-2B1A154ADF1E}.Debug|ARM.Build.0 = Debug|ARM
		{FCC1B268-2480-4329-8739-2B1A154ADF1E}.Debug|ARM.Deploy.0 = Debug|ARM
		{FCC1B268-2480-4329-8739-2B1A154ADF1E}.Debug|iPhone.ActiveCfg = Debug|x86
		{FCC1B268-2480-4329-8739-2B1A154ADF1E}.Debug|iPhoneSimulator.ActiveCfg = Debug|x86
		{FCC1B268-2480-4329-8739-2B1A154ADF1E}.Debug|x64.ActiveCfg = Debug|x64
		{FCC1B268-2480-4329-8739-2B1A154ADF1E}.Debug|x64.Build.0 = Debug|x64
		{FCC1B268-2480-4329-8739-2B1A154ADF1E}.Debug|x64.Deploy.0 = Debug|x64
		{FCC1B268-2480-4329-8739-2B1A154ADF1E}.Debug|x86.ActiveCfg = Debug|x86
		{FCC1B268-2480-4329-8739-2B1A154ADF1E}.Debug|x86.Build.0 = Debug|x86
		{FCC1B268-2480-4329-8739-2B1A154ADF1E}.Debug|x86.Deploy.0 = Debug|x86
		{FCC1B268-2480-4329-8739-2B1A154ADF1E}.Release|Any CPU.ActiveCfg = Release|x86
		{FCC1B268-2480-4329-8739-2B1A154ADF1E}.Release|ARM.ActiveCfg = Release|ARM
		{FCC1B268-2480-4329-8739-2B1A154ADF1E}.Release|ARM.Build.0 = Release|ARM
		{FCC1B268-2480-4329-8739-2B1A154ADF1E}.Release|ARM.Deploy.0 = Release|ARM
		{FCC1B268-2480-4329-8739-2B1A154ADF1E}.Release|iPhone.ActiveCfg = Release|x86
		{FCC1B268-2480-4329-8739-2B1A154ADF1E}.Release|iPhoneSimulator.ActiveCfg = Release|x86
		{FCC1B268-2480-4329-8739-2B1A154ADF1E}.Release|x64.ActiveCfg = Release|x64
		{FCC1B268-2480-4329-8739-2B1A154ADF1E}.Release|x64.Build.0 = Release|x64
		{FCC1B268-2480-4329-8739-2B1A154ADF1E}.Release|x64.Deploy.0 = Release|x64
		{FCC1B268-2480-4329-8739-2B1A154ADF1E}.Release|x86.ActiveCfg = Release|x86
		{FCC1B268-2480-4329-8739-2B1A154ADF1E}.Release|x86.Build.0 = Release|x86
		{FCC1B268-2480-4329-8739-2B1A154ADF1E}.Release|x86.Deploy.0 = Release|x86
		{409C92FD-B7EE-4477-92EA-454CB7077F7C}.Ad-Hoc|Any CPU.ActiveCfg = Ad-Hoc|iPhone
		{409C92FD-B7EE-4477-92EA-454CB7077F7C}.Ad-Hoc|ARM.ActiveCfg = Ad-Hoc|iPhone
		{409C92FD-B7EE-4477-92EA-454CB7077F7C}.Ad-Hoc|iPhone.ActiveCfg = Ad-Hoc|iPhone
		{409C92FD-B7EE-4477-92EA-454CB7077F7C}.Ad-Hoc|iPhone.Build.0 = Ad-Hoc|iPhone
		{409C92FD-B7EE-4477-92EA-454CB7077F7C}.Ad-Hoc|iPhoneSimulator.ActiveCfg = Ad-Hoc|iPhoneSimulator
		{409C92FD-B7EE-4477-92EA-454CB7077F7C}.Ad-Hoc|iPhoneSimulator.Build.0 = Ad-Hoc|iPhoneSimulator
		{409C92FD-B7EE-4477-92EA-454CB7077F7C}.Ad-Hoc|x64.ActiveCfg = Ad-Hoc|iPhone
		{409C92FD-B7EE-4477-92EA-454CB7077F7C}.Ad-Hoc|x86.ActiveCfg = Ad-Hoc|iPhone
		{409C92FD-B7EE-4477-92EA-454CB7077F7C}.AppStore|Any CPU.ActiveCfg = AppStore|iPhone
		{409C92FD-B7EE-4477-92EA-454CB7077F7C}.AppStore|ARM.ActiveCfg = AppStore|iPhone
		{409C92FD-B7EE-4477-92EA-454CB7077F7C}.AppStore|iPhone.ActiveCfg = AppStore|iPhone
		{409C92FD-B7EE-4477-92EA-454CB7077F7C}.AppStore|iPhone.Build.0 = AppStore|iPhone
		{409C92FD-B7EE-4477-92EA-454CB7077F7C}.AppStore|iPhoneSimulator.ActiveCfg = AppStore|iPhoneSimulator
		{409C92FD-B7EE-4477-92EA-454CB7077F7C}.AppStore|iPhoneSimulator.Build.0 = AppStore|iPhoneSimulator
		{409C92FD-B7EE-4477-92EA-454CB7077F7C}.AppStore|x64.ActiveCfg = AppStore|iPhone
		{409C92FD-B7EE-4477-92EA-454CB7077F7C}.AppStore|x86.ActiveCfg = AppStore|iPhone
		{409C92FD-B7EE-4477-92EA-454CB7077F7C}.Debug|Any CPU.ActiveCfg = Debug|iPhone
		{409C92FD-B7EE-4477-92EA-454CB7077F7C}.Debug|ARM.ActiveCfg = Debug|iPhone
		{409C92FD-B7EE-4477-92EA-454CB7077F7C}.Debug|iPhone.ActiveCfg = Debug|iPhone
		{409C92FD-B7EE-4477-92EA-454CB7077F7C}.Debug|iPhone.Build.0 = Debug|iPhone
		{409C92FD-B7EE-4477-92EA-454CB7077F7C}.Debug|iPhoneSimulator.ActiveCfg = Debug|iPhoneSimulator
		{409C92FD-B7EE-4477-92EA-454CB7077F7C}.Debug|iPhoneSimulator.Build.0 = Debug|iPhoneSimulator
		{409C92FD-B7EE-4477-92EA-454CB7077F7C}.Debug|x64.ActiveCfg = Debug|iPhone
		{409C92FD-B7EE-4477-92EA-454CB7077F7C}.Debug|x86.ActiveCfg = Debug|iPhone
		{409C92FD-B7EE-4477-92EA-454CB7077F7C}.Release|Any CPU.ActiveCfg = Release|iPhone
		{409C92FD-B7EE-4477-92EA-454CB7077F7C}.Release|ARM.ActiveCfg = Release|iPhone
		{409C92FD-B7EE-4477-92EA-454CB7077F7C}.Release|iPhone.ActiveCfg = Release|iPhone
		{409C92FD-B7EE-4477-92EA-454CB7077F7C}.Release|iPhone.Build.0 = Release|iPhone
		{409C92FD-B7EE-4477-92EA-454CB7077F7C}.Release|iPhoneSimulator.ActiveCfg = Release|iPhoneSimulator
		{409C92FD-B7EE-4477-92EA-454CB7077F7C}.Release|iPhoneSimulator.Build.0 = Release|iPhoneSimulator
		{409C92FD-B7EE-4477-92EA-454CB7077F7C}.Release|x64.ActiveCfg = Release|iPhone
		{409C92FD-B7EE-4477-92EA-454CB7077F7C}.Release|x86.ActiveCfg = Release|iPhone
	EndGlobalSection
	GlobalSection(SolutionProperties) = preSolution
		HideSolutionNode = FALSE
	EndGlobalSection
EndGlobal
